FORGE
  remote: https://forgeapi.puppetlabs.com
  specs:
    camptocamp-openssl (1.5.1)
      puppetlabs-stdlib (< 5.0.0, >= 2.0.0)
    deric-mesos (0.6.4)
      puppetlabs-apt (>= 2.1.0)
      puppetlabs-stdlib (>= 4.2.0)
    deric-zookeeper (0.4.1)
      puppetlabs-stdlib (>= 2.3.3)
      richardc-datacat (>= 0)
    garethr-docker (5.0.0)
      puppetlabs-apt (<= 3.0.0, >= 1.8.0)
      puppetlabs-stdlib (>= 4.1.0)
      stahnma-epel (>= 0.0.6)
    gdhbashton-consul_template (0.2.4)
      nanliu-staging (>= 0.4.0)
      puppetlabs-concat (>= 1.1.0)
      puppetlabs-stdlib (>= 1.0.0)
    nanliu-staging (1.0.3)
    puppetlabs-apt (2.2.1)
      puppetlabs-stdlib (< 5.0.0, >= 4.5.0)
    puppetlabs-concat (1.2.5)
      puppetlabs-stdlib (< 5.0.0, >= 3.2.0)
    puppetlabs-stdlib (4.10.0)
    richardc-datacat (0.6.2)
    stahnma-epel (1.2.2)
      puppetlabs-stdlib (>= 3.0.0)

GIT
  remote: https://github.com/praekeltfoundation/puppet-seed_stack
  ref: develop
  sha: 4aad7d39ede41131f6fcafa6564f469dbde19ca0
  specs:
    praekeltfoundation-seed_stack (0.1.0)
      KyleAnderson-consul (>= 0)
      deric-mesos (>= 0.6.4)
      deric-zookeeper (>= 0.4.0)
      garethr-docker (>= 4.1.0)
      gdhbashton-consul_template (>= 0.2.4)
      praekeltfoundation-consular (= 0.1.0)
      praekeltfoundation-marathon (= 0.1.0)
      praekeltfoundation-webupd8_oracle_java (= 0.1.1)

GIT
  remote: https://github.com/solarkennedy/puppet-consul.git
  ref: a84e75c33f71259455375065957ce27098e06d70
  sha: a84e75c33f71259455375065957ce27098e06d70
  specs:
    KyleAnderson-consul (1.0.5)
      nanliu-staging (< 2.0.0, >= 0.4.0)
      puppetlabs-stdlib (< 5.0.0, >= 4.6.0)

GITHUBTARBALL
  remote: praekeltfoundation/puppet-consular
  specs:
    praekeltfoundation-consular (0.1.0)

GITHUBTARBALL
  remote: praekeltfoundation/puppet-marathon
  specs:
    praekeltfoundation-marathon (0.1.0)

GITHUBTARBALL
  remote: praekeltfoundation/puppet-webupd8_oracle_java
  specs:
    praekeltfoundation-webupd8_oracle_java (0.1.1)

DEPENDENCIES
  camptocamp-openssl (>= 1.5.0)
  praekeltfoundation-seed_stack (>= 0)

