FORGE
  remote: https://forgeapi.puppetlabs.com
  specs:
    KyleAnderson-consul (1.0.5)
      nanliu-staging (< 2.0.0, >= 0.4.0)
      puppetlabs-stdlib (< 5.0.0, >= 4.6.0)
    camptocamp-openssl (1.6.1)
      puppetlabs-stdlib (< 5.0.0, >= 2.0.0)
    deric-mesos (0.7.1)
      puppetlabs-apt (>= 2.1.0)
      puppetlabs-stdlib (>= 4.2.0)
    deric-zookeeper (0.5.1)
      puppetlabs-stdlib (>= 2.3.3)
      richardc-datacat (>= 0.6.0)
    garethr-docker (5.1.0)
      puppetlabs-apt (<= 3.0.0, >= 1.8.0)
      puppetlabs-stdlib (>= 4.1.0)
      stahnma-epel (>= 0.0.6)
    gdhbashton-consul_template (0.2.4)
      nanliu-staging (>= 0.4.0)
      puppetlabs-concat (>= 1.1.0)
      puppetlabs-stdlib (>= 1.0.0)
    nanliu-staging (1.0.3)
    praekeltfoundation-consular (0.2.1)
      puppetlabs-apt (>= 0)
    praekeltfoundation-gluster (0.2.2)
      puppetlabs-apt (>= 0)
    praekeltfoundation-marathon (0.4.1)
      deric-mesos (>= 0.6.5)
      puppetlabs-apt (>= 2.1.0)
      puppetlabs-stdlib (>= 4.2.0)
    praekeltfoundation-seed_stack (0.7.0)
      KyleAnderson-consul (>= 1.0.4)
      deric-mesos (>= 0.6.5)
      deric-zookeeper (< 0.6.0, >= 0.5.1)
      garethr-docker (>= 4.1.0)
      gdhbashton-consul_template (>= 0.2.4)
      praekeltfoundation-consular (>= 0.2.0)
      praekeltfoundation-gluster (< 0.3.0, >= 0.2.2)
      praekeltfoundation-marathon (< 0.5.0, >= 0.4.0)
      praekeltfoundation-webupd8_oracle_java (>= 0.1.2)
      praekeltfoundation-xylem (< 0.2.0, >= 0.1.2)
    praekeltfoundation-webupd8_oracle_java (0.1.3)
      puppetlabs-apt (>= 0)
    praekeltfoundation-xylem (0.1.2-dev)
      puppetlabs-apt (>= 0)
    puppetlabs-apt (2.2.2)
      puppetlabs-stdlib (< 5.0.0, >= 4.5.0)
    puppetlabs-concat (2.1.0)
      puppetlabs-stdlib (< 5.0.0, >= 3.2.0)
    puppetlabs-stdlib (4.11.0)
    richardc-datacat (0.6.2)
    stahnma-epel (1.2.2)
      puppetlabs-stdlib (>= 3.0.0)

DEPENDENCIES
  camptocamp-openssl (>= 1.5.0)
  praekeltfoundation-seed_stack (< 0.8.0, >= 0.7.0)

